
Microsoft Visual Studio Solution File, Format Version 12.00
# Visual Studio Version 17
VisualStudioVersion = 17.4.33122.133
MinimumVisualStudioVersion = 10.0.40219.1
Project("{2150E333-8FDC-42A3-9474-1A3956D46DE8}") = "2-Application", "2-Application", "{57AFED75-7433-4D28-9D08-3B3CEB569F6D}"
EndProject
Project("{2150E333-8FDC-42A3-9474-1A3956D46DE8}") = "3-Domain", "3-Domain", "{2EA3577D-269B-4884-AB90-6AD7B9E0865E}"
EndProject
Project("{2150E333-8FDC-42A3-9474-1A3956D46DE8}") = "4-Infra", "4-Infra", "{30905078-4967-4B60-827A-DAD0E856FF65}"
EndProject
Project("{9A19103F-16F7-4668-BE54-9A1E7A4F7556}") = "TheCat.Infra.Data", "src\TheCat.Infra.Data\TheCat.Infra.Data.csproj", "{9504FD47-59E5-4ED1-9F20-4CF2BC2177FB}"
EndProject
Project("{9A19103F-16F7-4668-BE54-9A1E7A4F7556}") = "TheCat.Application", "src\TheCat.Application\TheCat.Application.csproj", "{4874D12B-44A2-47CC-B09D-CFD2E6C3F4FA}"
EndProject
Project("{9A19103F-16F7-4668-BE54-9A1E7A4F7556}") = "TheCat.Domain", "src\TheCat.Domain\TheCat.Domain.csproj", "{042E098D-7483-4FD2-A168-E7924982D55C}"
EndProject
Project("{9A19103F-16F7-4668-BE54-9A1E7A4F7556}") = "TheCat.Infra.CrossCutting.Ioc", "src\TheCat.Infra.CrossCutting.Ioc\TheCat.Infra.CrossCutting.Ioc.csproj", "{C54D413B-2058-46DD-955C-039824DDA3BA}"
EndProject
Project("{2150E333-8FDC-42A3-9474-1A3956D46DE8}") = "1-EntryPoint", "1-EntryPoint", "{270E07EB-A7D5-4AC4-A9A8-D3D70427731F}"
EndProject
Project("{2150E333-8FDC-42A3-9474-1A3956D46DE8}") = "src", "src", "{086AD40D-E4F7-4590-857E-393CDDB9B239}"
EndProject
Project("{2150E333-8FDC-42A3-9474-1A3956D46DE8}") = "test", "test", "{0DEA478A-8774-4E1F-8EC6-809BB5942FD1}"
EndProject
Project("{2150E333-8FDC-42A3-9474-1A3956D46DE8}") = "0-Pipeline", "0-Pipeline", "{89B7C80E-1397-47BC-8BC9-1B1D8161542C}"
EndProject
Project("{2150E333-8FDC-42A3-9474-1A3956D46DE8}") = "Docker", "Docker", "{A5009F5D-03B7-4939-B097-1BC58FECF7EA}"
	ProjectSection(SolutionItems) = preProject
		docker-compose.yml = docker-compose.yml
	EndProjectSection
EndProject
Project("{9A19103F-16F7-4668-BE54-9A1E7A4F7556}") = "TheCat.UnitTest", "test\TheCat.UnitTest\TheCat.UnitTest.csproj", "{1A046B27-1AC0-45B1-A9AE-E5CC810A39A3}"
EndProject
Project("{9A19103F-16F7-4668-BE54-9A1E7A4F7556}") = "TheCat.IntegrationTest", "test\TheCat.IntegrationTest\TheCat.IntegrationTest.csproj", "{42881309-19A3-4E5C-8F7E-D1699DDE9768}"
EndProject
Project("{9A19103F-16F7-4668-BE54-9A1E7A4F7556}") = "TheCat.EntryPoint.Api", "src\TheCat.EntryPoint.Api\TheCat.EntryPoint.Api.csproj", "{C9D8238B-7FE0-4C6C-92F9-E65149149D3A}"
EndProject
Project("{2150E333-8FDC-42A3-9474-1A3956D46DE8}") = "Data", "Data", "{7A654214-2FC3-490F-9267-B4B2BB9218FE}"
	ProjectSection(SolutionItems) = preProject
		bkp_thecat = bkp_thecat
		thecat_script.sql = thecat_script.sql
	EndProjectSection
EndProject
Project("{2150E333-8FDC-42A3-9474-1A3956D46DE8}") = "PostMan", "PostMan", "{5EE73133-439B-4949-9653-09C48D9DF305}"
	ProjectSection(SolutionItems) = preProject
		TheCat.postman_collection.json = TheCat.postman_collection.json
	EndProjectSection
EndProject
Project("{2150E333-8FDC-42A3-9474-1A3956D46DE8}") = "prom", "prom", "{1CC39AD9-5502-4703-B413-E63909D20617}"
	ProjectSection(SolutionItems) = preProject
		prometheus.yml = prometheus.yml
	EndProjectSection
EndProject
Global
	GlobalSection(SolutionConfigurationPlatforms) = preSolution
		Debug|Any CPU = Debug|Any CPU
		Release|Any CPU = Release|Any CPU
	EndGlobalSection
	GlobalSection(ProjectConfigurationPlatforms) = postSolution
		{9504FD47-59E5-4ED1-9F20-4CF2BC2177FB}.Debug|Any CPU.ActiveCfg = Debug|Any CPU
		{9504FD47-59E5-4ED1-9F20-4CF2BC2177FB}.Debug|Any CPU.Build.0 = Debug|Any CPU
		{9504FD47-59E5-4ED1-9F20-4CF2BC2177FB}.Release|Any CPU.ActiveCfg = Release|Any CPU
		{9504FD47-59E5-4ED1-9F20-4CF2BC2177FB}.Release|Any CPU.Build.0 = Release|Any CPU
		{4874D12B-44A2-47CC-B09D-CFD2E6C3F4FA}.Debug|Any CPU.ActiveCfg = Debug|Any CPU
		{4874D12B-44A2-47CC-B09D-CFD2E6C3F4FA}.Debug|Any CPU.Build.0 = Debug|Any CPU
		{4874D12B-44A2-47CC-B09D-CFD2E6C3F4FA}.Release|Any CPU.ActiveCfg = Release|Any CPU
		{4874D12B-44A2-47CC-B09D-CFD2E6C3F4FA}.Release|Any CPU.Build.0 = Release|Any CPU
		{042E098D-7483-4FD2-A168-E7924982D55C}.Debug|Any CPU.ActiveCfg = Debug|Any CPU
		{042E098D-7483-4FD2-A168-E7924982D55C}.Debug|Any CPU.Build.0 = Debug|Any CPU
		{042E098D-7483-4FD2-A168-E7924982D55C}.Release|Any CPU.ActiveCfg = Release|Any CPU
		{042E098D-7483-4FD2-A168-E7924982D55C}.Release|Any CPU.Build.0 = Release|Any CPU
		{C54D413B-2058-46DD-955C-039824DDA3BA}.Debug|Any CPU.ActiveCfg = Debug|Any CPU
		{C54D413B-2058-46DD-955C-039824DDA3BA}.Debug|Any CPU.Build.0 = Debug|Any CPU
		{C54D413B-2058-46DD-955C-039824DDA3BA}.Release|Any CPU.ActiveCfg = Release|Any CPU
		{C54D413B-2058-46DD-955C-039824DDA3BA}.Release|Any CPU.Build.0 = Release|Any CPU
		{1A046B27-1AC0-45B1-A9AE-E5CC810A39A3}.Debug|Any CPU.ActiveCfg = Debug|Any CPU
		{1A046B27-1AC0-45B1-A9AE-E5CC810A39A3}.Debug|Any CPU.Build.0 = Debug|Any CPU
		{1A046B27-1AC0-45B1-A9AE-E5CC810A39A3}.Release|Any CPU.ActiveCfg = Release|Any CPU
		{1A046B27-1AC0-45B1-A9AE-E5CC810A39A3}.Release|Any CPU.Build.0 = Release|Any CPU
		{42881309-19A3-4E5C-8F7E-D1699DDE9768}.Debug|Any CPU.ActiveCfg = Debug|Any CPU
		{42881309-19A3-4E5C-8F7E-D1699DDE9768}.Debug|Any CPU.Build.0 = Debug|Any CPU
		{42881309-19A3-4E5C-8F7E-D1699DDE9768}.Release|Any CPU.ActiveCfg = Release|Any CPU
		{42881309-19A3-4E5C-8F7E-D1699DDE9768}.Release|Any CPU.Build.0 = Release|Any CPU
		{C9D8238B-7FE0-4C6C-92F9-E65149149D3A}.Debug|Any CPU.ActiveCfg = Debug|Any CPU
		{C9D8238B-7FE0-4C6C-92F9-E65149149D3A}.Debug|Any CPU.Build.0 = Debug|Any CPU
		{C9D8238B-7FE0-4C6C-92F9-E65149149D3A}.Release|Any CPU.ActiveCfg = Release|Any CPU
		{C9D8238B-7FE0-4C6C-92F9-E65149149D3A}.Release|Any CPU.Build.0 = Release|Any CPU
	EndGlobalSection
	GlobalSection(SolutionProperties) = preSolution
		HideSolutionNode = FALSE
	EndGlobalSection
	GlobalSection(NestedProjects) = preSolution
		{57AFED75-7433-4D28-9D08-3B3CEB569F6D} = {086AD40D-E4F7-4590-857E-393CDDB9B239}
		{2EA3577D-269B-4884-AB90-6AD7B9E0865E} = {086AD40D-E4F7-4590-857E-393CDDB9B239}
		{30905078-4967-4B60-827A-DAD0E856FF65} = {086AD40D-E4F7-4590-857E-393CDDB9B239}
		{9504FD47-59E5-4ED1-9F20-4CF2BC2177FB} = {30905078-4967-4B60-827A-DAD0E856FF65}
		{4874D12B-44A2-47CC-B09D-CFD2E6C3F4FA} = {57AFED75-7433-4D28-9D08-3B3CEB569F6D}
		{042E098D-7483-4FD2-A168-E7924982D55C} = {2EA3577D-269B-4884-AB90-6AD7B9E0865E}
		{C54D413B-2058-46DD-955C-039824DDA3BA} = {30905078-4967-4B60-827A-DAD0E856FF65}
		{270E07EB-A7D5-4AC4-A9A8-D3D70427731F} = {086AD40D-E4F7-4590-857E-393CDDB9B239}
		{89B7C80E-1397-47BC-8BC9-1B1D8161542C} = {086AD40D-E4F7-4590-857E-393CDDB9B239}
		{A5009F5D-03B7-4939-B097-1BC58FECF7EA} = {89B7C80E-1397-47BC-8BC9-1B1D8161542C}
		{1A046B27-1AC0-45B1-A9AE-E5CC810A39A3} = {0DEA478A-8774-4E1F-8EC6-809BB5942FD1}
		{42881309-19A3-4E5C-8F7E-D1699DDE9768} = {0DEA478A-8774-4E1F-8EC6-809BB5942FD1}
		{C9D8238B-7FE0-4C6C-92F9-E65149149D3A} = {270E07EB-A7D5-4AC4-A9A8-D3D70427731F}
		{7A654214-2FC3-490F-9267-B4B2BB9218FE} = {89B7C80E-1397-47BC-8BC9-1B1D8161542C}
		{5EE73133-439B-4949-9653-09C48D9DF305} = {89B7C80E-1397-47BC-8BC9-1B1D8161542C}
		{1CC39AD9-5502-4703-B413-E63909D20617} = {A5009F5D-03B7-4939-B097-1BC58FECF7EA}
	EndGlobalSection
	GlobalSection(ExtensibilityGlobals) = postSolution
		SolutionGuid = {B3FAB7B5-23D5-49CE-93D9-D7AEBF14D106}
	EndGlobalSection
EndGlobal
